github.com/davecgh/go-spew v1.1.1 h1:vj9j/u1bqnvCEfJOwUhtlOARqs3+rkHYY13jYWTU97c=
github.com/davecgh/go-spew v1.1.1/go.mod h1:J7Y8YcW2NihsgmVo/mv3lAwl/skON4iLHjSsI+c5H38=
github.com/golang/crypto v0.0.0-20170930174604-9419663f5a44 h1:fR+xRyxaxT66HcZMV+IUcAEbjagXRzgrF/1LMOhLWXE=
github.com/golang/crypto v0.0.0-20170930174604-9419663f5a44/go.mod h1:uZvAcrsnNaCxlh1HorK5dUQHGmEKPh2H/Rl1kehswPo=
